// !$*UTF8*$!
{
	archiveVersion = 1;
	classes = {
	};
	objectVersion = 77;
	objects = {

/* Begin PBXBuildFile section */
		3EE639FE2F34A6950077CEF4 /* FirebaseAI in Frameworks */ = {isa = PBXBuildFile; productRef = 3EE639FD2F34A6950077CEF4 /* FirebaseAI */; };
		3EE63A002F34A6950077CEF4 /* FirebaseAILogic in Frameworks */ = {isa = PBXBuildFile; productRef = 3EE639FF2F34A6950077CEF4 /* FirebaseAILogic */; };
		3EE63A022F34A6950077CEF4 /* FirebaseAnalytics in Frameworks */ = {isa = PBXBuildFile; productRef = 3EE63A012F34A6950077CEF4 /* FirebaseAnalytics */; };
		3EE63A042F34A6950077CEF4 /* FirebaseAnalyticsCore in Frameworks */ = {isa = PBXBuildFile; productRef = 3EE63A032F34A6950077CEF4 /* FirebaseAnalyticsCore */; };
		3EE63A062F34A6950077CEF4 /* FirebaseAnalyticsIdentitySupport in Frameworks */ = {isa = PBXBuildFile; productRef = 3EE63A052F34A6950077CEF4 /* FirebaseAnalyticsIdentitySupport */; };
		3EE63A0D2F34A8B70077CEF4 /* FirebaseAuth in Frameworks */ = {isa = PBXBuildFile; productRef = 3EE63A0C2F34A8B70077CEF4 /* FirebaseAuth */; };
		3EE63A0F2F34A8C30077CEF4 /* FirebaseStorage in Frameworks */ = {isa = PBXBuildFile; productRef = 3EE63A0E2F34A8C30077CEF4 /* FirebaseStorage */; };
		3EE63A112F34A8CD0077CEF4 /* FirebaseFirestore in Frameworks */ = {isa = PBXBuildFile; productRef = 3EE63A102F34A8CD0077CEF4 /* FirebaseFirestore */; };
		93A6288D2FDE57D200E4F4CC /* FirebaseCrashlytics in Frameworks */ = {isa = PBXBuildFile; productRef = 93A6288C2FDE57D200E4F4CC /* FirebaseCrashlytics */; };
/* End PBXBuildFile section */

/* Begin PBXFileReference section */
		3E93438C2F1A3FC700B6427F /* report_lms.app */ = {isa = PBXFileReference; explicitFileType = wrapper.application; includeInIndex = 0; path = report_lms.app; sourceTree = BUILT_PRODUCTS_DIR; };
/* End PBXFileReference section */

/* Begin PBXFileSystemSynchronizedRootGroup section */
		3E93438E2F1A3FC700B6427F /* report_lms */ = {
			isa = PBXFileSystemSynchronizedRootGroup;
			path = report_lms;
			sourceTree = "<group>";
		};
/* End PBXFileSystemSynchronizedRootGroup section */

/* Begin PBXFrameworksBuildPhase section */
		3E9343892F1A3FC700B6427F /* Frameworks */ = {
			isa = PBXFrameworksBuildPhase;
			buildActionMask = 2147483647;
			files = (
				3EE63A002F34A6950077CEF4 /* FirebaseAILogic in Frameworks */,
				3EE63A0D2F34A8B70077CEF4 /* FirebaseAuth in Frameworks */,
				3EE63A062F34A6950077CEF4 /* FirebaseAnalyticsIdentitySupport in Frameworks */,
				3EE639FE2F34A6950077CEF4 /* FirebaseAI in Frameworks */,
				3EE63A0F2F34A8C30077CEF4 /* FirebaseStorage in Frameworks */,
				3EE63A112F34A8CD0077CEF4 /* FirebaseFirestore in Frameworks */,
				93A6288D2FDE57D200E4F4CC /* FirebaseCrashlytics in Frameworks */,
				3EE63A022F34A6950077CEF4 /* FirebaseAnalytics in Frameworks */,
				3EE63A042F34A6950077CEF4 /* FirebaseAnalyticsCore in Frameworks */,
			);
			runOnlyForDeploymentPostprocessing = 0;
		};
/* End PBXFrameworksBuildPhase section */

/* Begin PBXGroup section */
		3E9343832F1A3FC700B6427F = {
			isa = PBXGroup;
			children = (
				3E93438E2F1A3FC700B6427F /* report_lms */,
				3EE63A0B2F34A8B70077CEF4 /* Frameworks */,
				3E93438D2F1A3FC700B6427F /* Products */,
			);
			sourceTree = "<group>";
		};
		3E93438D2F1A3FC700B6427F /* Products */ = {
			isa = PBXGroup;
			children = (
				3E93438C2F1A3FC700B6427F /* report_lms.app */,
			);
			name = Products;
			sourceTree = "<group>";
		};
		3EE63A0B2F34A8B70077CEF4 /* Frameworks */ = {
			isa = PBXGroup;
			children = (
			);
			name = Frameworks;
			sourceTree = "<group>";
		};
/* End PBXGroup section */

/* Begin PBXNativeTarget section */
		3E93438B2F1A3FC700B6427F /* report_lms */ = {
			isa = PBXNativeTarget;
			buildConfigurationList = 3E93439A2F1A3FC900B6427F /* Build configuration list for PBXNativeTarget "report_lms" */;
			buildPhases = (
				3E9343882F1A3FC700B6427F /* Sources */,
				3E9343892F1A3FC700B6427F /* Frameworks */,
				3E93438A2F1A3FC700B6427F /* Resources */,
				3EE63A122F34B0000077CEF4 /* Strip Firebase dSYM */,
				93A6288E2FDE57E800E4F4CC /* Run Crashlytics */,
			);
			buildRules = (
			);
			dependencies = (
			);
			fileSystemSynchronizedGroups = (
				3E93438E2F1A3FC700B6427F /* report_lms */,
			);
			name = report_lms;
			packageProductDependencies = (
				3EE639FD2F34A6950077CEF4 /* FirebaseAI */,
				3EE639FF2F34A6950077CEF4 /* FirebaseAILogic */,
				3EE63A012F34A6950077CEF4 /* FirebaseAnalytics */,
				3EE63A032F34A6950077CEF4 /* FirebaseAnalyticsCore */,
				3EE63A052F34A6950077CEF4 /* FirebaseAnalyticsIdentitySupport */,
				3EE63A0C2F34A8B70077CEF4 /* FirebaseAuth */,
				3EE63A0E2F34A8C30077CEF4 /* FirebaseStorage */,
				3EE63A102F34A8CD0077CEF4 /* FirebaseFirestore */,
				93A6288C2FDE57D200E4F4CC /* FirebaseCrashlytics */,
			);
			productName = report_lms;
			productReference = 3E93438C2F1A3FC700B6427F /* report_lms.app */;
			productType = "com.apple.product-type.application";
		};
/* End PBXNativeTarget section */

/* Begin PBXProject section */
		3E9343842F1A3FC700B6427F /* Project object */ = {
			isa = PBXProject;
			attributes = {
				BuildIndependentTargetsInParallel = 1;
				LastSwiftUpdateCheck = 1620;
				LastUpgradeCheck = 1620;
				TargetAttributes = {
					3E93438B2F1A3FC700B6427F = {
						CreatedOnToolsVersion = 16.2;
					};
				};
			};
			buildConfigurationList = 3E9343872F1A3FC700B6427F /* Build configuration list for PBXProject "report_lms" */;
			developmentRegion = en;
			hasScannedForEncodings = 0;
			knownRegions = (
				en,
				Base,
			);
			mainGroup = 3E9343832F1A3FC700B6427F;
			minimizedProjectReferenceProxies = 1;
			packageReferences = (
				3EE639FC2F34A6950077CEF4 /* XCRemoteSwiftPackageReference "firebase-ios-sdk" */,
			);
			preferredProjectObjectVersion = 77;
			productRefGroup = 3E93438D2F1A3FC700B6427F /* Products */;
			projectDirPath = "";
			projectRoot = "";
			targets = (
				3E93438B2F1A3FC700B6427F /* report_lms */,
			);
		};
/* End PBXProject section */

/* Begin PBXResourcesBuildPhase section */
		3E93438A2F1A3FC700B6427F /* Resources */ = {
			isa = PBXResourcesBuildPhase;
			buildActionMask = 2147483647;
			files = (
			);
			runOnlyForDeploymentPostprocessing = 0;
		};
/* End PBXResourcesBuildPhase section */

/* Begin PBXShellScriptBuildPhase section */
		3EE63A122F34B0000077CEF4 /* Strip Firebase dSYM */ = {
			isa = PBXShellScriptBuildPhase;
			buildActionMask = 2147483647;
			files = (
			);
			inputFileListPaths = (
			);
			inputPaths = (
			);
			name = "Strip Firebase dSYM";
			outputFileListPaths = (
			);
			outputPaths = (
			);
			runOnlyForDeploymentPostprocessing = 0;
			shellPath = /bin/sh;
			shellScript = "# Strip Firebase framework dSYMs to prevent upload errors\n# These frameworks are distributed without debug symbols\n#!/bin/sh\nif [ \"${CONFIGURATION}\" != \"Release\" ]; then exit 0; fi\nSCRIPT=\"${BUILD_DIR%/Build/*}/SourcePackages/checkouts/firebase-ios-sdk/Crashlytics/run\"\nif [ -f \"$SCRIPT\" ]; then \"$SCRIPT\"; fi\n";
			showEnvVarsInLog = 0;
		};
		93A6288E2FDE57E800E4F4CC /* Run Crashlytics */ = {
			isa = PBXShellScriptBuildPhase;
			buildActionMask = 2147483647;
			files = (
			);
			inputFileListPaths = (
			);
			inputPaths = (
				"${DWARF_DSYM_FOLDER_PATH}/${DWARF_DSYM_FILE_NAME}/Contents/Resources/DWARF/${TARGET_NAME}",
				"$(SRCROOT)/$(BUILT_PRODUCTS_DIR)/$(INFOPLIST_PATH)",
			);
			name = "Run Crashlytics";
			outputFileListPaths = (
			);
			outputPaths = (
			);
			runOnlyForDeploymentPostprocessing = 0;
			shellPath = /bin/sh;
			shellScript = "# Type a script or drag a script file from your workspace to insert its path.\n\"${BUILD_DIR%Build/*}SourcePackages/checkouts/firebase-ios-sdk/Crashlytics/run\"\n";
		};
/* End PBXShellScriptBuildPhase section */

/* Begin PBXSourcesBuildPhase section */
		3E9343882F1A3FC700B6427F /* Sources */ = {
			isa = PBXSourcesBuildPhase;
			buildActionMask = 2147483647;
			files = (
			);
			runOnlyForDeploymentPostprocessing = 0;
		};
/* End PBXSourcesBuildPhase section */

/* Begin XCBuildConfiguration section */
		3E9343982F1A3FC900B6427F /* Debug */ = {
			isa = XCBuildConfiguration;
			buildSettings = {
				ALWAYS_SEARCH_USER_PATHS = NO;
				ASSETCATALOG_COMPILER_GENERATE_SWIFT_ASSET_SYMBOL_EXTENSIONS = YES;
				CLANG_ANALYZER_NONNULL = YES;
				CLANG_ANALYZER_NUMBER_OBJECT_CONVERSION = YES_AGGRESSIVE;
				CLANG_CXX_LANGUAGE_STANDARD = "gnu++20";
				CLANG_ENABLE_MODULES = YES;
				CLANG_ENABLE_OBJC_ARC = YES;
				CLANG_ENABLE_OBJC_WEAK = YES;
				CLANG_WARN_BLOCK_CAPTURE_AUTORELEASING = YES;
				CLANG_WARN_BOOL_CONVERSION = YES;
				CLANG_WARN_COMMA = YES;
				CLANG_WARN_CONSTANT_CONVERSION = YES;
				CLANG_WARN_DEPRECATED_OBJC_IMPLEMENTATIONS = YES;
				CLANG_WARN_DIRECT_OBJC_ISA_USAGE = YES_ERROR;
				CLANG_WARN_DOCUMENTATION_COMMENTS = YES;
				CLANG_WARN_EMPTY_BODY = YES;
				CLANG_WARN_ENUM_CONVERSION = YES;
				CLANG_WARN_INFINITE_RECURSION = YES;
				CLANG_WARN_INT_CONVERSION = YES;
				CLANG_WARN_NON_LITERAL_NULL_CONVERSION = YES;
				CLANG_WARN_OBJC_IMPLICIT_RETAIN_SELF = YES;
				CLANG_WARN_OBJC_LITERAL_CONVERSION = YES;
				CLANG_WARN_OBJC_ROOT_CLASS = YES_ERROR;
				CLANG_WARN_QUOTED_INCLUDE_IN_FRAMEWORK_HEADER = YES;
				CLANG_WARN_RANGE_LOOP_ANALYSIS = YES;
				CLANG_WARN_STRICT_PROTOTYPES = YES;
				CLANG_WARN_SUSPICIOUS_MOVE = YES;
				CLANG_WARN_UNGUARDED_AVAILABILITY = YES_AGGRESSIVE;
				CLANG_WARN_UNREACHABLE_CODE = YES;
				CLANG_WARN__DUPLICATE_METHOD_MATCH = YES;
				COPY_PHASE_STRIP = NO;
				DEBUG_INFORMATION_FORMAT = dwarf;
				ENABLE_STRICT_OBJC_MSGSEND = YES;
				ENABLE_TESTABILITY = YES;
				ENABLE_USER_SCRIPT_SANDBOXING = NO;
				GCC_C_LANGUAGE_STANDARD = gnu17;
				GCC_DYNAMIC_NO_PIC = NO;
				GCC_NO_COMMON_BLOCKS = YES;
				GCC_OPTIMIZATION_LEVEL = 0;
				GCC_PREPROCESSOR_DEFINITIONS = (
					"DEBUG=1",
					"$(inherited)",
				);
				GCC_WARN_64_TO_32_BIT_CONVERSION = YES;
				GCC_WARN_ABOUT_RETURN_TYPE = YES_ERROR;
				GCC_WARN_UNDECLARED_SELECTOR = YES;
				GCC_WARN_UNINITIALIZED_AUTOS = YES_AGGRESSIVE;
				GCC_WARN_UNUSED_FUNCTION = YES;
				GCC_WARN_UNUSED_VARIABLE = YES;
				IPHONEOS_DEPLOYMENT_TARGET = 18.2;
				LOCALIZATION_PREFERS_STRING_CATALOGS = YES;
				MTL_ENABLE_DEBUG_INFO = INCLUDE_SOURCE;
				MTL_FAST_MATH = YES;
				ONLY_ACTIVE_ARCH = YES;
				SDKROOT = iphoneos;
				SWIFT_ACTIVE_COMPILATION_CONDITIONS = "DEBUG $(inherited)";
				SWIFT_OPTIMIZATION_LEVEL = "-Onone";
			};
			name = Debug;
		};
		3E9343992F1A3FC900B6427F /* Release */ = {
			isa = XCBuildConfiguration;
			buildSettings = {
				ALWAYS_SEARCH_USER_PATHS = NO;
				ASSETCATALOG_COMPILER_GENERATE_SWIFT_ASSET_SYMBOL_EXTENSIONS = YES;
				CLANG_ANALYZER_NONNULL = YES;
				CLANG_ANALYZER_NUMBER_OBJECT_CONVERSION = YES_AGGRESSIVE;
				CLANG_CXX_LANGUAGE_STANDARD = "gnu++20";
				CLANG_ENABLE_MODULES = YES;
				CLANG_ENABLE_OBJC_ARC = YES;
				CLANG_ENABLE_OBJC_WEAK = YES;
				CLANG_WARN_BLOCK_CAPTURE_AUTORELEASING = YES;
				CLANG_WARN_BOOL_CONVERSION = YES;
				CLANG_WARN_COMMA = YES;
				CLANG_WARN_CONSTANT_CONVERSION = YES;
				CLANG_WARN_DEPRECATED_OBJC_IMPLEMENTATIONS = YES;
				CLANG_WARN_DIRECT_OBJC_ISA_USAGE = YES_ERROR;
				CLANG_WARN_DOCUMENTATION_COMMENTS = YES;
				CLANG_WARN_EMPTY_BODY = YES;
				CLANG_WARN_ENUM_CONVERSION = YES;
				CLANG_WARN_INFINITE_RECURSION = YES;
				CLANG_WARN_INT_CONVERSION = YES;
				CLANG_WARN_NON_LITERAL_NULL_CONVERSION = YES;
				CLANG_WARN_OBJC_IMPLICIT_RETAIN_SELF = YES;
				CLANG_WARN_OBJC_LITERAL_CONVERSION = YES;
				CLANG_WARN_OBJC_ROOT_CLASS = YES_ERROR;
				CLANG_WARN_QUOTED_INCLUDE_IN_FRAMEWORK_HEADER = YES;
				CLANG_WARN_RANGE_LOOP_ANALYSIS = YES;
				CLANG_WARN_STRICT_PROTOTYPES = YES;
				CLANG_WARN_SUSPICIOUS_MOVE = YES;
				CLANG_WARN_UNGUARDED_AVAILABILITY = YES_AGGRESSIVE;
				CLANG_WARN_UNREACHABLE_CODE = YES;
				CLANG_WARN__DUPLICATE_METHOD_MATCH = YES;
				COPY_PHASE_STRIP = NO;
				DEBUG_INFORMATION_FORMAT = "dwarf-with-dsym";
				ENABLE_NS_ASSERTIONS = NO;
				ENABLE_STRICT_OBJC_MSGSEND = YES;
				ENABLE_USER_SCRIPT_SANDBOXING = NO;
				GCC_C_LANGUAGE_STANDARD = gnu17;
				GCC_NO_COMMON_BLOCKS = YES;
				GCC_WARN_64_TO_32_BIT_CONVERSION = YES;
				GCC_WARN_ABOUT_RETURN_TYPE = YES_ERROR;
				GCC_WARN_UNDECLARED_SELECTOR = YES;
				GCC_WARN_UNINITIALIZED_AUTOS = YES_AGGRESSIVE;
				GCC_WARN_UNUSED_FUNCTION = YES;
				GCC_WARN_UNUSED_VARIABLE = YES;
				IPHONEOS_DEPLOYMENT_TARGET = 18.2;
				LOCALIZATION_PREFERS_STRING_CATALOGS = YES;
				MTL_ENABLE_DEBUG_INFO = NO;
				MTL_FAST_MATH = YES;
				SDKROOT = iphoneos;
				SWIFT_COMPILATION_MODE = wholemodule;
				VALIDATE_PRODUCT = YES;
			};
			name = Release;
		};
		3E93439B2F1A3FC900B6427F /* Debug */ = {
			isa = XCBuildConfiguration;
			buildSettings = {
				ASSETCATALOG_COMPILER_APPICON_NAME = AppIcon;
				ASSETCATALOG_COMPILER_GLOBAL_ACCENT_COLOR_NAME = AccentColor;
				CODE_SIGN_STYLE = Automatic;
				CURRENT_PROJECT_VERSION = 202608091120;
				DEVELOPMENT_ASSET_PATHS = "\"report_lms/Preview Content\"";
				DEVELOPMENT_TEAM = 3TYP89QWY5;
				ENABLE_PREVIEWS = YES;
				GENERATE_INFOPLIST_FILE = YES;
				INFOPLIST_KEY_CFBundleDisplayName = "IPS LMS";
				INFOPLIST_KEY_NSCameraUsageDescription = "Ứng dụng cần truy cập camera để chụp ảnh sản phẩm trong quá trình kiểm tra";
				INFOPLIST_KEY_NSFaceIDUsageDescription = "Ứng dụng sử dụng Face ID để xác thực sinh trắc học, cho phép đăng nhập nhanh và bảo mật";
				INFOPLIST_KEY_UIApplicationSceneManifest_Generation = YES;
				INFOPLIST_KEY_UIApplicationSupportsIndirectInputEvents = YES;
				INFOPLIST_KEY_UILaunchScreen_Generation = YES;
				INFOPLIST_KEY_UISupportedInterfaceOrientations_iPad = "UIInterfaceOrientationPortrait UIInterfaceOrientationPortraitUpsideDown UIInterfaceOrientationLandscapeLeft UIInterfaceOrientationLandscapeRight";
				INFOPLIST_KEY_UISupportedInterfaceOrientations_iPhone = "UIInterfaceOrientationPortrait UIInterfaceOrientationLandscapeLeft UIInterfaceOrientationLandscapeRight";
				LD_RUNPATH_SEARCH_PATHS = (
					"$(inherited)",
					"@executable_path/Frameworks",
				);
				MARKETING_VERSION = 1.1.0;
				PRODUCT_BUNDLE_IDENTIFIER = "haiphan0502free.report-lms";
				PRODUCT_NAME = "$(TARGET_NAME)";
				SWIFT_EMIT_LOC_STRINGS = YES;
				SWIFT_VERSION = 5.0;
				TARGETED_DEVICE_FAMILY = "1,2";
			};
			name = Debug;
		};
		3E93439C2F1A3FC900B6427F /* Release */ = {
			isa = XCBuildConfiguration;
			buildSettings = {
				ASSETCATALOG_COMPILER_APPICON_NAME = AppIcon;
				ASSETCATALOG_COMPILER_GLOBAL_ACCENT_COLOR_NAME = AccentColor;
				CODE_SIGN_STYLE = Automatic;
				CURRENT_PROJECT_VERSION = 202608091120;
				DEVELOPMENT_ASSET_PATHS = "\"report_lms/Preview Content\"";
				DEVELOPMENT_TEAM = 3TYP89QWY5;
				ENABLE_PREVIEWS = YES;
				GENERATE_INFOPLIST_FILE = YES;
				INFOPLIST_KEY_CFBundleDisplayName = "IPS LMS";
				INFOPLIST_KEY_NSCameraUsageDescription = "Ứng dụng cần truy cập camera để chụp ảnh sản phẩm trong quá trình kiểm tra";
				INFOPLIST_KEY_NSFaceIDUsageDescription = "Ứng dụng sử dụng Face ID để xác thực sinh trắc học, cho phép đăng nhập nhanh và bảo mật";
				INFOPLIST_KEY_UIApplicationSceneManifest_Generation = YES;
				INFOPLIST_KEY_UIApplicationSupportsIndirectInputEvents = YES;
				INFOPLIST_KEY_UILaunchScreen_Generation = YES;
				INFOPLIST_KEY_UISupportedInterfaceOrientations_iPad = "UIInterfaceOrientationPortrait UIInterfaceOrientationPortraitUpsideDown UIInterfaceOrientationLandscapeLeft UIInterfaceOrientationLandscapeRight";
				INFOPLIST_KEY_UISupportedInterfaceOrientations_iPhone = "UIInterfaceOrientationPortrait UIInterfaceOrientationLandscapeLeft UIInterfaceOrientationLandscapeRight";
				LD_RUNPATH_SEARCH_PATHS = (
					"$(inherited)",
					"@executable_path/Frameworks",
				);
				MARKETING_VERSION = 1.1.0;
				PRODUCT_BUNDLE_IDENTIFIER = "haiphan0502free.report-lms";
				PRODUCT_NAME = "$(TARGET_NAME)";
				SWIFT_EMIT_LOC_STRINGS = YES;
				SWIFT_VERSION = 5.0;
				TARGETED_DEVICE_FAMILY = "1,2";
			};
			name = Release;
		};
/* End XCBuildConfiguration section */

/* Begin XCConfigurationList section */
		3E9343872F1A3FC700B6427F /* Build configuration list for PBXProject "report_lms" */ = {
			isa = XCConfigurationList;
			buildConfigurations = (
				3E9343982F1A3FC900B6427F /* Debug */,
				3E9343992F1A3FC900B6427F /* Release */,
			);
			defaultConfigurationIsVisible = 0;
			defaultConfigurationName = Release;
		};
		3E93439A2F1A3FC900B6427F /* Build configuration list for PBXNativeTarget "report_lms" */ = {
			isa = XCConfigurationList;
			buildConfigurations = (
				3E93439B2F1A3FC900B6427F /* Debug */,
				3E93439C2F1A3FC900B6427F /* Release */,
			);
			defaultConfigurationIsVisible = 0;
			defaultConfigurationName = Release;
		};
/* End XCConfigurationList section */

/* Begin XCRemoteSwiftPackageReference section */
		3EE639FC2F34A6950077CEF4 /* XCRemoteSwiftPackageReference "firebase-ios-sdk" */ = {
			isa = XCRemoteSwiftPackageReference;
			repositoryURL = "https://github.com/firebase/firebase-ios-sdk";
			requirement = {
				kind = upToNextMajorVersion;
				minimumVersion = 12.9.0;
			};
		};
/* End XCRemoteSwiftPackageReference section */

/* Begin XCSwiftPackageProductDependency section */
		3EE639FD2F34A6950077CEF4 /* FirebaseAI */ = {
			isa = XCSwiftPackageProductDependency;
			package = 3EE639FC2F34A6950077CEF4 /* XCRemoteSwiftPackageReference "firebase-ios-sdk" */;
			productName = FirebaseAI;
		};
		3EE639FF2F34A6950077CEF4 /* FirebaseAILogic */ = {
			isa = XCSwiftPackageProductDependency;
			package = 3EE639FC2F34A6950077CEF4 /* XCRemoteSwiftPackageReference "firebase-ios-sdk" */;
			productName = FirebaseAILogic;
		};
		3EE63A012F34A6950077CEF4 /* FirebaseAnalytics */ = {
			isa = XCSwiftPackageProductDependency;
			package = 3EE639FC2F34A6950077CEF4 /* XCRemoteSwiftPackageReference "firebase-ios-sdk" */;
			productName = FirebaseAnalytics;
		};
		3EE63A032F34A6950077CEF4 /* FirebaseAnalyticsCore */ = {
			isa = XCSwiftPackageProductDependency;
			package = 3EE639FC2F34A6950077CEF4 /* XCRemoteSwiftPackageReference "firebase-ios-sdk" */;
			productName = FirebaseAnalyticsCore;
		};
		3EE63A052F34A6950077CEF4 /* FirebaseAnalyticsIdentitySupport */ = {
			isa = XCSwiftPackageProductDependency;
			package = 3EE639FC2F34A6950077CEF4 /* XCRemoteSwiftPackageReference "firebase-ios-sdk" */;
			productName = FirebaseAnalyticsIdentitySupport;
		};
		3EE63A0C2F34A8B70077CEF4 /* FirebaseAuth */ = {
			isa = XCSwiftPackageProductDependency;
			package = 3EE639FC2F34A6950077CEF4 /* XCRemoteSwiftPackageReference "firebase-ios-sdk" */;
			productName = FirebaseAuth;
		};
		3EE63A0E2F34A8C30077CEF4 /* FirebaseStorage */ = {
			isa = XCSwiftPackageProductDependency;
			package = 3EE639FC2F34A6950077CEF4 /* XCRemoteSwiftPackageReference "firebase-ios-sdk" */;
			productName = FirebaseStorage;
		};
		3EE63A102F34A8CD0077CEF4 /* FirebaseFirestore */ = {
			isa = XCSwiftPackageProductDependency;
			package = 3EE639FC2F34A6950077CEF4 /* XCRemoteSwiftPackageReference "firebase-ios-sdk" */;
			productName = FirebaseFirestore;
		};
		93A6288C2FDE57D200E4F4CC /* FirebaseCrashlytics */ = {
			isa = XCSwiftPackageProductDependency;
			package = 3EE639FC2F34A6950077CEF4 /* XCRemoteSwiftPackageReference "firebase-ios-sdk" */;
			productName = FirebaseCrashlytics;
		};
/* End XCSwiftPackageProductDependency section */
	};
	rootObject = 3E9343842F1A3FC700B6427F /* Project object */;
}
